{
  "R": {
    "Version": "4.5.1",
    "Repositories": [
      {
        "Name": "CRAN",
        "URL": "https://packagemanager.posit.co/cran/latest"
      }
    ]
  },
  "Packages": {
    "Rcpp": {
      "Package": "Rcpp",
      "Version": "1.1.2",
      "Source": "Repository",
      "Title": "Seamless R and C++ Integration",
      "Date": "2026-07-01",
      "Authors@R": "c(person(\"Dirk\", \"Eddelbuettel\", role = c(\"aut\", \"cre\"), email = \"edd@debian.org\", comment = c(ORCID = \"0000-0001-6419-907X\")), person(\"Romain\", \"Francois\", role = \"aut\", comment = c(ORCID = \"0000-0002-2444-4226\")), person(\"JJ\", \"Allaire\", role = \"aut\", comment = c(ORCID = \"0000-0003-0174-9868\")), person(\"Kevin\", \"Ushey\", role = \"aut\", comment = c(ORCID = \"0000-0003-2880-7407\")), person(\"Qiang\", \"Kou\", role = \"aut\", comment = c(ORCID = \"0000-0001-6786-5453\")), person(\"Nathan\", \"Russell\", role = \"aut\"), person(\"Iñaki\", \"Ucar\", role = \"aut\", comment = c(ORCID = \"0000-0001-6403-5550\")), person(\"Doug\", \"Bates\", role = \"aut\", comment = c(ORCID = \"0000-0001-8316-9503\")), person(\"John\", \"Chambers\", role = \"aut\"))",
      "Description": "The 'Rcpp' package provides R functions as well as C++ classes which offer a seamless integration of R and C++. Many R data types and objects can be mapped back and forth to C++ equivalents which facilitates both writing of new code as well as easier integration of third-party libraries. Documentation about 'Rcpp' is provided by several vignettes included in this package, via the 'Rcpp Gallery' site at <https://gallery.rcpp.org>, the paper by Eddelbuettel and Francois (2011, <doi:10.18637/jss.v040.i08>), the book by Eddelbuettel (2013, <doi:10.1007/978-1-4614-6868-4>) and the paper by Eddelbuettel and Balamuta (2018, <doi:10.1080/00031305.2017.1375990>); see 'citation(\"Rcpp\")' for details.",
      "Depends": [
        "R (>= 3.5.0)"
      ],
      "Imports": [
        "methods",
        "utils"
      ],
      "Suggests": [
        "tinytest",
        "inline",
        "rbenchmark",
        "pkgKitten (>= 0.1.2)"
      ],
      "URL": "https://www.rcpp.org, https://dirk.eddelbuettel.com/code/rcpp.html, https://github.com/RcppCore/Rcpp",
      "License": "GPL (>= 2)",
      "BugReports": "https://github.com/RcppCore/Rcpp/issues",
      "RoxygenNote": "6.1.1",
      "Encoding": "UTF-8",
      "VignetteBuilder": "Rcpp",
      "NeedsCompilation": "yes",
      "Author": "Dirk Eddelbuettel [aut, cre] (ORCID: <https://orcid.org/0000-0001-6419-907X>), Romain Francois [aut] (ORCID: <https://orcid.org/0000-0002-2444-4226>), JJ Allaire [aut] (ORCID: <https://orcid.org/0000-0003-0174-9868>), Kevin Ushey [aut] (ORCID: <https://orcid.org/0000-0003-2880-7407>), Qiang Kou [aut] (ORCID: <https://orcid.org/0000-0001-6786-5453>), Nathan Russell [aut], Iñaki Ucar [aut] (ORCID: <https://orcid.org/0000-0001-6403-5550>), Doug Bates [aut] (ORCID: <https://orcid.org/0000-0001-8316-9503>), John Chambers [aut]",
      "Maintainer": "Dirk Eddelbuettel <edd@debian.org>",
      "Repository": "RSPM"
    },
    "RcppTOML": {
      "Package": "RcppTOML",
      "Version": "0.2.3",
      "Source": "Repository",
      "Type": "Package",
      "Title": "'Rcpp' Bindings to Parser for \"Tom's Obvious Markup Language\"",
      "Date": "2025-03-08",
      "Authors@R": "c(person(\"Dirk\", \"Eddelbuettel\", role = c(\"aut\", \"cre\"), email = \"edd@debian.org\", comment = c(ORCID = \"0000-0001-6419-907X\")), person(\"Mark\", \"Gillard\", role = \"aut\", comment = \"Author of 'toml++' header library\"))",
      "Description": "The configuration format defined by 'TOML' (which expands to \"Tom's Obvious Markup Language\") specifies an excellent format (described at <https://toml.io/en/>) suitable for both human editing as well as the common uses of a machine-readable format. This package uses 'Rcpp' to connect to the 'toml++' parser written by Mark Gillard to R.",
      "SystemRequirements": "A C++17 compiler",
      "BugReports": "https://github.com/eddelbuettel/rcpptoml/issues",
      "URL": "http://dirk.eddelbuettel.com/code/rcpp.toml.html",
      "Imports": [
        "Rcpp (>= 1.0.8)"
      ],
      "Depends": [
        "R (>= 3.3.0)"
      ],
      "LinkingTo": [
        "Rcpp"
      ],
      "Suggests": [
        "tinytest"
      ],
      "License": "GPL (>= 2)",
      "NeedsCompilation": "yes",
      "Author": "Dirk Eddelbuettel [aut, cre] (<https://orcid.org/0000-0001-6419-907X>), Mark Gillard [aut] (Author of 'toml++' header library)",
      "Maintainer": "Dirk Eddelbuettel <edd@debian.org>",
      "Repository": "RSPM",
      "Encoding": "UTF-8"
    },
    "boosterpak": {
      "Package": "boosterpak",
      "Version": "0.6.4",
      "Source": "GitHub",
      "Title": "Reusable Project Capability Packs",
      "Authors@R": "person(\"Sean\", \"Thimons\", email = \"sxthimons@gmail.com\", role = c(\"aut\", \"cre\"))",
      "Author": "Sean Thimons [aut, cre]",
      "Maintainer": "Sean Thimons <sxthimons@gmail.com>",
      "Description": "Provides reusable project packs for bootstrapping R workflows. A pack is a typed bundle of package dependencies, optional source specifications, startup attachment intent, helper-function sidecars, and project-local setup conventions. Applies packs with 'pak' and 'renv' while leaving exact version restoration to 'renv' lockfiles.",
      "License": "MIT + file LICENSE",
      "URL": "https://seanthimons.github.io/boosterpak/, https://github.com/seanthimons/boosterpak",
      "BugReports": "https://github.com/seanthimons/boosterpak/issues",
      "Encoding": "UTF-8",
      "Roxygen": "list(markdown = TRUE)",
      "Imports": [
        "cli",
        "jsonlite",
        "pak",
        "renv",
        "RcppTOML",
        "utils"
      ],
      "Suggests": [
        "autonewsmd",
        "ggplot2",
        "knitr",
        "quarto",
        "rmarkdown",
        "skimr",
        "testthat (>= 3.0.0)",
        "withr"
      ],
      "VignetteBuilder": "quarto",
      "Config/Needs/website": "pkgdown",
      "Config/testthat/edition": "3",
      "Config/roxygen2/version": "8.0.0",
      "RemoteType": "github",
      "RemoteHost": "api.github.com",
      "RemoteRepo": "boosterpak",
      "RemoteUsername": "seanthimons",
      "RemotePkgRef": "seanthimons/boosterpak",
      "RemoteRef": "HEAD",
      "RemoteSha": "b90466d3532460e17ff01ef24c559dd5c922d0c2",
      "NeedsCompilation": "no"
    },
    "cli": {
      "Package": "cli",
      "Version": "3.6.6",
      "Source": "Repository",
      "Title": "Helpers for Developing Command Line Interfaces",
      "Authors@R": "c( person(\"Gábor\", \"Csárdi\", , \"gabor@posit.co\", role = c(\"aut\", \"cre\")), person(\"Hadley\", \"Wickham\", role = \"ctb\"), person(\"Kirill\", \"Müller\", role = \"ctb\"), person(\"Salim\", \"Brüggemann\", , \"salim-b@pm.me\", role = \"ctb\", comment = c(ORCID = \"0000-0002-5329-5987\")), person(\"Posit Software, PBC\", role = c(\"cph\", \"fnd\"), comment = c(ROR = \"03wc8by49\")) )",
      "Description": "A suite of tools to build attractive command line interfaces ('CLIs'), from semantic elements: headings, lists, alerts, paragraphs, etc. Supports custom themes via a 'CSS'-like language. It also contains a number of lower level 'CLI' elements: rules, boxes, trees, and 'Unicode' symbols with 'ASCII' alternatives. It support ANSI colors and text styles as well.",
      "License": "MIT + file LICENSE",
      "URL": "https://cli.r-lib.org, https://github.com/r-lib/cli",
      "BugReports": "https://github.com/r-lib/cli/issues",
      "Depends": [
        "R (>= 3.4)"
      ],
      "Imports": [
        "utils"
      ],
      "Suggests": [
        "callr",
        "covr",
        "crayon",
        "digest",
        "glue (>= 1.6.0)",
        "grDevices",
        "htmltools",
        "htmlwidgets",
        "knitr",
        "methods",
        "processx",
        "ps (>= 1.3.4.9000)",
        "rlang (>= 1.0.2.9003)",
        "rmarkdown",
        "rprojroot",
        "rstudioapi",
        "testthat (>= 3.2.0)",
        "tibble",
        "whoami",
        "withr"
      ],
      "Config/Needs/website": "r-lib/asciicast, bench, brio, cpp11, decor, desc, fansi, prettyunits, sessioninfo, tidyverse/tidytemplate, usethis, vctrs",
      "Config/testthat/edition": "3",
      "Config/usethis/last-upkeep": "2025-04-25",
      "Encoding": "UTF-8",
      "RoxygenNote": "7.3.2.9000",
      "NeedsCompilation": "yes",
      "Author": "Gábor Csárdi [aut, cre], Hadley Wickham [ctb], Kirill Müller [ctb], Salim Brüggemann [ctb] (ORCID: <https://orcid.org/0000-0002-5329-5987>), Posit Software, PBC [cph, fnd] (ROR: <https://ror.org/03wc8by49>)",
      "Maintainer": "Gábor Csárdi <gabor@posit.co>",
      "Repository": "RSPM"
    },
    "fs": {
      "Package": "fs",
      "Version": "1.6.6",
      "Source": "Repository",
      "Title": "Cross-Platform File System Operations Based on 'libuv'",
      "Authors@R": "c( person(\"Jim\", \"Hester\", role = \"aut\"), person(\"Hadley\", \"Wickham\", , \"hadley@posit.co\", role = \"aut\"), person(\"Gábor\", \"Csárdi\", , \"csardi.gabor@gmail.com\", role = c(\"aut\", \"cre\")), person(\"libuv project contributors\", role = \"cph\", comment = \"libuv library\"), person(\"Joyent, Inc. and other Node contributors\", role = \"cph\", comment = \"libuv library\"), person(\"Posit Software, PBC\", role = c(\"cph\", \"fnd\")) )",
      "Description": "A cross-platform interface to file system operations, built on top of the 'libuv' C library.",
      "License": "MIT + file LICENSE",
      "URL": "https://fs.r-lib.org, https://github.com/r-lib/fs",
      "BugReports": "https://github.com/r-lib/fs/issues",
      "Depends": [
        "R (>= 3.6)"
      ],
      "Imports": [
        "methods"
      ],
      "Suggests": [
        "covr",
        "crayon",
        "knitr",
        "pillar (>= 1.0.0)",
        "rmarkdown",
        "spelling",
        "testthat (>= 3.0.0)",
        "tibble (>= 1.1.0)",
        "vctrs (>= 0.3.0)",
        "withr"
      ],
      "VignetteBuilder": "knitr",
      "ByteCompile": "true",
      "Config/Needs/website": "tidyverse/tidytemplate",
      "Config/testthat/edition": "3",
      "Copyright": "file COPYRIGHTS",
      "Encoding": "UTF-8",
      "Language": "en-US",
      "RoxygenNote": "7.2.3",
      "SystemRequirements": "GNU make",
      "NeedsCompilation": "yes",
      "Author": "Jim Hester [aut], Hadley Wickham [aut], Gábor Csárdi [aut, cre], libuv project contributors [cph] (libuv library), Joyent, Inc. and other Node contributors [cph] (libuv library), Posit Software, PBC [cph, fnd]",
      "Maintainer": "Gábor Csárdi <csardi.gabor@gmail.com>",
      "Repository": "RSPM"
    },
    "here": {
      "Package": "here",
      "Version": "1.0.2",
      "Source": "Repository",
      "Title": "A Simpler Way to Find Your Files",
      "Date": "2025-09-06",
      "Authors@R": "c(person(given = \"Kirill\", family = \"M\\u00fcller\", role = c(\"aut\", \"cre\"), email = \"kirill@cynkra.com\", comment = c(ORCID = \"0000-0002-1416-3412\")), person(given = \"Jennifer\", family = \"Bryan\", role = \"ctb\", email = \"jenny@rstudio.com\", comment = c(ORCID = \"0000-0002-6983-2759\")))",
      "Description": "Constructs paths to your project's files. Declare the relative path of a file within your project with 'i_am()'. Use the 'here()' function as a drop-in replacement for 'file.path()', it will always locate the files relative to your project root.",
      "License": "MIT + file LICENSE",
      "URL": "https://here.r-lib.org/, https://github.com/r-lib/here",
      "BugReports": "https://github.com/r-lib/here/issues",
      "Imports": [
        "rprojroot (>= 2.1.0)"
      ],
      "Suggests": [
        "conflicted",
        "covr",
        "fs",
        "knitr",
        "palmerpenguins",
        "plyr",
        "readr",
        "rlang",
        "rmarkdown",
        "testthat",
        "uuid",
        "withr"
      ],
      "VignetteBuilder": "knitr",
      "Encoding": "UTF-8",
      "RoxygenNote": "7.3.3.9000",
      "Config/testthat/edition": "3",
      "Config/Needs/website": "tidyverse/tidytemplate",
      "NeedsCompilation": "no",
      "Author": "Kirill Müller [aut, cre] (ORCID: <https://orcid.org/0000-0002-1416-3412>), Jennifer Bryan [ctb] (ORCID: <https://orcid.org/0000-0002-6983-2759>)",
      "Maintainer": "Kirill Müller <kirill@cynkra.com>",
      "Repository": "RSPM"
    },
    "jsonlite": {
      "Package": "jsonlite",
      "Version": "2.0.0",
      "Source": "Repository",
      "Title": "A Simple and Robust JSON Parser and Generator for R",
      "License": "MIT + file LICENSE",
      "Depends": [
        "methods"
      ],
      "Authors@R": "c( person(\"Jeroen\", \"Ooms\", role = c(\"aut\", \"cre\"), email = \"jeroenooms@gmail.com\", comment = c(ORCID = \"0000-0002-4035-0289\")), person(\"Duncan\", \"Temple Lang\", role = \"ctb\"), person(\"Lloyd\", \"Hilaiel\", role = \"cph\", comment=\"author of bundled libyajl\"))",
      "URL": "https://jeroen.r-universe.dev/jsonlite https://arxiv.org/abs/1403.2805",
      "BugReports": "https://github.com/jeroen/jsonlite/issues",
      "Maintainer": "Jeroen Ooms <jeroenooms@gmail.com>",
      "VignetteBuilder": "knitr, R.rsp",
      "Description": "A reasonably fast JSON parser and generator, optimized for statistical  data and the web. Offers simple, flexible tools for working with JSON in R, and is particularly powerful for building pipelines and interacting with a web API.  The implementation is based on the mapping described in the vignette (Ooms, 2014). In addition to converting JSON data from/to R objects, 'jsonlite' contains  functions to stream, validate, and prettify JSON data. The unit tests included  with the package verify that all edge cases are encoded and decoded consistently  for use with dynamic data in systems and applications.",
      "Suggests": [
        "httr",
        "vctrs",
        "testthat",
        "knitr",
        "rmarkdown",
        "R.rsp",
        "sf"
      ],
      "RoxygenNote": "7.3.2",
      "Encoding": "UTF-8",
      "NeedsCompilation": "yes",
      "Author": "Jeroen Ooms [aut, cre] (<https://orcid.org/0000-0002-4035-0289>), Duncan Temple Lang [ctb], Lloyd Hilaiel [cph] (author of bundled libyajl)",
      "Repository": "RSPM"
    },
    "pak": {
      "Package": "pak",
      "Version": "0.10.0",
      "Source": "Repository",
      "Title": "Another Approach to Package Installation",
      "Authors@R": "c( person(\"Gábor\", \"Csárdi\", , \"csardi.gabor@gmail.com\", role = c(\"aut\", \"cre\")), person(\"Jim\", \"Hester\", role = \"aut\"), person(\"Posit Software, PBC\", role = c(\"cph\", \"fnd\"), comment = c(ROR = \"03wc8by49\")), person(\"Winston\", \"Chang\", role = \"ctb\", comment = \"R6, callr, processx\"), person(\"Ascent Digital Services\", role = c(\"cph\", \"fnd\"), comment = \"callr, processx\"), person(\"Hadley\", \"Wickham\", role = c(\"ctb\", \"cph\"), comment = \"cli, curl, pkgbuild, yaml\"), person(\"Jeroen\", \"Ooms\", role = \"ctb\", comment = \"curl, jsonlite\"), person(\"Maëlle\", \"Salmon\", role = \"ctb\", comment = \"desc, pkgsearch\"), person(\"Duncan\", \"Temple Lang\", role = \"ctb\", comment = \"jsonlite\"), person(\"Lloyd\", \"Hilaiel\", role = \"cph\", comment = \"jsonlite\"), person(\"Alec\", \"Wong\", role = \"ctb\", comment = \"keyring\"), person(\"Michel Berkelaar and lpSolve authors\", role = \"ctb\", comment = \"lpSolve\"), person(\"R Consortium\", role = \"fnd\", comment = \"pkgsearch\"), person(\"Jay\", \"Loden\", role = \"ctb\", comment = \"ps\"), person(\"Dave\", \"Daeschler\", role = \"ctb\", comment = \"ps\"), person(\"Giampaolo\", \"Rodola\", role = \"ctb\", comment = \"ps\"), person(\"Shawn\", \"Garbett\", role = \"ctb\", comment = \"yaml\"), person(\"Jeremy\", \"Stephens\", role = \"ctb\", comment = \"yaml\"), person(\"Kirill\", \"Simonov\", role = \"ctb\", comment = \"yaml\"), person(\"Yihui\", \"Xie\", role = \"ctb\", comment = \"yaml\"), person(\"Zhuoer\", \"Dong\", role = \"ctb\", comment = \"yaml\"), person(\"Jeffrey\", \"Horner\", role = \"ctb\", comment = \"yaml\"), person(\"Will\", \"Beasley\", role = \"ctb\", comment = \"yaml\"), person(\"Brendan\", \"O'Connor\", role = \"ctb\", comment = \"yaml\"), person(\"Gregory\", \"Warnes\", role = \"ctb\", comment = \"yaml\"), person(\"Michael\", \"Quinn\", role = \"ctb\", comment = \"yaml\"), person(\"Zhian\", \"Kamvar\", role = \"ctb\", comment = \"yaml\"), person(\"Charlie\", \"Gao\", role = \"ctb\", comment = \"yaml\"), person(\"Kuba\", \"Podgórski\", role = \"ctb\", comment = \"zip\"), person(\"Rich\", \"Geldreich\", role = \"ctb\", comment = \"zip\") )",
      "Description": "The goal of 'pak' is to make package installation faster and more reliable. In particular, it performs all HTTP operations in parallel, so metadata resolution and package downloads are fast. Metadata and package files are cached on the local disk as well. 'pak' has a dependency solver, so it finds version conflicts before performing the installation. This version of 'pak' supports CRAN, 'Bioconductor' and 'GitHub' packages as well.",
      "License": "GPL-3",
      "URL": "https://pak.r-lib.org/, https://github.com/r-lib/pak",
      "BugReports": "https://github.com/r-lib/pak/issues",
      "Depends": [
        "R (>= 3.5)"
      ],
      "Imports": [
        "tools",
        "utils"
      ],
      "Suggests": [
        "callr (>= 3.7.0)",
        "cli (>= 3.2.0)",
        "covr",
        "curl (>= 4.3.2)",
        "desc (>= 1.4.1)",
        "filelock (>= 1.0.2)",
        "gitcreds",
        "glue (>= 1.6.2)",
        "jsonlite (>= 1.8.0)",
        "keyring (>= 1.4.0)",
        "pingr",
        "pkgbuild (>= 1.4.2)",
        "pkgcache (>= 2.2.4)",
        "pkgdepends (>= 0.9.0)",
        "pkgload",
        "pkgsearch (>= 3.1.0)",
        "processx (>= 3.8.1)",
        "ps (>= 1.6.0)",
        "rstudioapi",
        "testthat (>= 3.2.0)",
        "webfakes",
        "withr",
        "yaml"
      ],
      "Biarch": "true",
      "ByteCompile": "true",
      "Config/build/extra-sources": "configure*",
      "Config/needs/dependencies": "callr, cli, curl, desc, filelock, jsonlite, keyring, lpSolve, pkgbuild, r-lib/pkgcache@feature/ppm-sso, r-lib/pkgdepends, pkgsearch, processx, ps, r-lib/tsitter, gaborcsardi/tstoml, yaml",
      "Config/Needs/website": "r-lib/asciicast, rmarkdown, roxygen2, tidyverse/tidytemplate",
      "Config/Needs/deploy": "cli (>= 3.2.0), curl, desc, gitcreds, glue@1.6.2, gaborcsardi/jsonlite, processx, R6@2.5.1",
      "Config/Needs/check": "r-lib/pkgcache@feature/ppm-sso",
      "Config/testthat/edition": "3",
      "Config/usethis/last-upkeep": "2025-05-13",
      "Encoding": "UTF-8",
      "Config/roxygen2/version": "8.0.0",
      "NeedsCompilation": "yes",
      "Author": "Gábor Csárdi [aut, cre], Jim Hester [aut], Posit Software, PBC [cph, fnd] (ROR: <https://ror.org/03wc8by49>), Winston Chang [ctb] (R6, callr, processx), Ascent Digital Services [cph, fnd] (callr, processx), Hadley Wickham [ctb, cph] (cli, curl, pkgbuild, yaml), Jeroen Ooms [ctb] (curl, jsonlite), Maëlle Salmon [ctb] (desc, pkgsearch), Duncan Temple Lang [ctb] (jsonlite), Lloyd Hilaiel [cph] (jsonlite), Alec Wong [ctb] (keyring), Michel Berkelaar and lpSolve authors [ctb] (lpSolve), R Consortium [fnd] (pkgsearch), Jay Loden [ctb] (ps), Dave Daeschler [ctb] (ps), Giampaolo Rodola [ctb] (ps), Shawn Garbett [ctb] (yaml), Jeremy Stephens [ctb] (yaml), Kirill Simonov [ctb] (yaml), Yihui Xie [ctb] (yaml), Zhuoer Dong [ctb] (yaml), Jeffrey Horner [ctb] (yaml), Will Beasley [ctb] (yaml), Brendan O'Connor [ctb] (yaml), Gregory Warnes [ctb] (yaml), Michael Quinn [ctb] (yaml), Zhian Kamvar [ctb] (yaml), Charlie Gao [ctb] (yaml), Kuba Podgórski [ctb] (zip), Rich Geldreich [ctb] (zip)",
      "Maintainer": "Gábor Csárdi <csardi.gabor@gmail.com>",
      "Repository": "CRAN"
    },
    "renv": {
      "Package": "renv",
      "Version": "1.1.7",
      "Source": "Repository",
      "Type": "Package",
      "Title": "Project Environments",
      "Authors@R": "c( person(\"Kevin\", \"Ushey\", role = c(\"aut\", \"cre\"), email = \"kevin@rstudio.com\", comment = c(ORCID = \"0000-0003-2880-7407\")), person(\"Hadley\", \"Wickham\", role = c(\"aut\"), email = \"hadley@rstudio.com\", comment = c(ORCID = \"0000-0003-4757-117X\")), person(\"Posit Software, PBC\", role = c(\"cph\", \"fnd\")) )",
      "Description": "A dependency management toolkit for R. Using 'renv', you can create and manage project-local R libraries, save the state of these libraries to a 'lockfile', and later restore your library as required. Together, these tools can help make your projects more isolated, portable, and reproducible.",
      "License": "MIT + file LICENSE",
      "URL": "https://rstudio.github.io/renv/, https://github.com/rstudio/renv",
      "BugReports": "https://github.com/rstudio/renv/issues",
      "Imports": [
        "utils"
      ],
      "Suggests": [
        "BiocManager",
        "cli",
        "compiler",
        "covr",
        "cpp11",
        "curl",
        "devtools",
        "generics",
        "gitcreds",
        "jsonlite",
        "jsonvalidate",
        "knitr",
        "miniUI",
        "modules",
        "packrat",
        "pak",
        "R6",
        "remotes",
        "reticulate",
        "rmarkdown",
        "rstudioapi",
        "shiny",
        "testthat",
        "uuid",
        "waldo",
        "yaml",
        "webfakes"
      ],
      "Encoding": "UTF-8",
      "RoxygenNote": "7.3.3",
      "VignetteBuilder": "knitr",
      "Config/Needs/website": "tidyverse/tidytemplate",
      "Config/testthat/edition": "3",
      "Config/testthat/parallel": "true",
      "Config/testthat/start-first": "bioconductor,python,install,restore,snapshot,retrieve,remotes",
      "NeedsCompilation": "no",
      "Author": "Kevin Ushey [aut, cre] (ORCID: <https://orcid.org/0000-0003-2880-7407>), Hadley Wickham [aut] (ORCID: <https://orcid.org/0000-0003-4757-117X>), Posit Software, PBC [cph, fnd]",
      "Maintainer": "Kevin Ushey <kevin@rstudio.com>",
      "Repository": "CRAN"
    },
    "rprojroot": {
      "Package": "rprojroot",
      "Version": "2.1.1",
      "Source": "Repository",
      "Title": "Finding Files in Project Subdirectories",
      "Authors@R": "person(given = \"Kirill\", family = \"M\\u00fcller\", role = c(\"aut\", \"cre\"), email = \"kirill@cynkra.com\", comment = c(ORCID = \"0000-0002-1416-3412\"))",
      "Description": "Robust, reliable and flexible paths to files below a project root. The 'root' of a project is defined as a directory that matches a certain criterion, e.g., it contains a certain regular file.",
      "License": "MIT + file LICENSE",
      "URL": "https://rprojroot.r-lib.org/, https://github.com/r-lib/rprojroot",
      "BugReports": "https://github.com/r-lib/rprojroot/issues",
      "Depends": [
        "R (>= 3.0.0)"
      ],
      "Suggests": [
        "covr",
        "knitr",
        "lifecycle",
        "rlang",
        "rmarkdown",
        "testthat (>= 3.2.0)",
        "withr"
      ],
      "VignetteBuilder": "knitr",
      "Config/testthat/edition": "3",
      "Encoding": "UTF-8",
      "RoxygenNote": "7.3.2.9000",
      "Config/autostyle/scope": "line_breaks",
      "Config/autostyle/strict": "true",
      "Config/Needs/website": "tidyverse/tidytemplate",
      "NeedsCompilation": "no",
      "Author": "Kirill Müller [aut, cre] (ORCID: <https://orcid.org/0000-0002-1416-3412>)",
      "Maintainer": "Kirill Müller <kirill@cynkra.com>",
      "Repository": "RSPM"
    }
  }
}
